
Microsoft Visual Studio Solution File, Format Version 12.00
# Visual Studio Version 17
VisualStudioVersion = 17.0.32014.148
MinimumVisualStudioVersion = 10.0.40219.1
Project("{FAE04EC0-301F-11D3-BF4B-00C04F79EFBC}") = "blogPessoal", "blogPessoal\blogPessoal.csproj", "{BC98DE24-2E8C-4B26-B412-4F3E298DE8A9}"
EndProject
Global
	GlobalSection(SolutionConfigurationPlatforms) = preSolution
		Debug|Any CPU = Debug|Any CPU
		Release|Any CPU = Release|Any CPU
	EndGlobalSection
	GlobalSection(ProjectConfigurationPlatforms) = postSolution
		{BC98DE24-2E8C-4B26-B412-4F3E298DE8A9}.Debug|Any CPU.ActiveCfg = Debug|Any CPU
		{BC98DE24-2E8C-4B26-B412-4F3E298DE8A9}.Debug|Any CPU.Build.0 = Debug|Any CPU
		{BC98DE24-2E8C-4B26-B412-4F3E298DE8A9}.Release|Any CPU.ActiveCfg = Release|Any CPU
		{BC98DE24-2E8C-4B26-B412-4F3E298DE8A9}.Release|Any CPU.Build.0 = Release|Any CPU
	EndGlobalSection
	GlobalSection(SolutionProperties) = preSolution
		HideSolutionNode = FALSE
	EndGlobalSection
	GlobalSection(ExtensibilityGlobals) = postSolution
		SolutionGuid = {EE1502E1-69C8-4AF1-9F03-C4BB62948E52}
	EndGlobalSection
EndGlobal
